// !$*UTF8*$!
{
	archiveVersion = 1;
	classes = {
	};
	objectVersion = 46;
	objects = {

/* Begin PBXBuildFile section */
		AD3D324B1B9B8410003BE0EE /* main.m in Sources */ = {isa = PBXBuildFile; fileRef = AD3D324A1B9B8410003BE0EE /* main.m */; };
		AD3D324E1B9B8410003BE0EE /* AppDelegate.m in Sources */ = {isa = PBXBuildFile; fileRef = AD3D324D1B9B8410003BE0EE /* AppDelegate.m */; };
		AD3D32561B9B8410003BE0EE /* Images.xcassets in Resources */ = {isa = PBXBuildFile; fileRef = AD3D32551B9B8410003BE0EE /* Images.xcassets */; };
		AD3D32701B9B8627003BE0EE /* RootTabBarViewController.m in Sources */ = {isa = PBXBuildFile; fileRef = AD3D326F1B9B8627003BE0EE /* RootTabBarViewController.m */; };
		AD3D32731B9B8748003BE0EE /* ContentViewController.m in Sources */ = {isa = PBXBuildFile; fileRef = AD3D32721B9B8748003BE0EE /* ContentViewController.m */; };
		E54A1D66DDF1CBDADFB67235 /* libPods-App.a in Frameworks */ = {isa = PBXBuildFile; fileRef = F33D8D149EECF835468E4A28 /* libPods-App.a */; };
/* End PBXBuildFile section */

/* Begin PBXFileReference section */
		37CA8F82AA40F418F7DA9D87 /* Pods-App.release.xcconfig */ = {isa = PBXFileReference; includeInIndex = 1; lastKnownFileType = text.xcconfig; name = "Pods-App.release.xcconfig"; path = "Pods/Target Support Files/Pods-App/Pods-App.release.xcconfig"; sourceTree = "<group>"; };
		61D629055B98E14CB229D940 /* Pods-App.debug.xcconfig */ = {isa = PBXFileReference; includeInIndex = 1; lastKnownFileType = text.xcconfig; name = "Pods-App.debug.xcconfig"; path = "Pods/Target Support Files/Pods-App/Pods-App.debug.xcconfig"; sourceTree = "<group>"; };
		AD3D32451B9B8410003BE0EE /* App.app */ = {isa = PBXFileReference; explicitFileType = wrapper.application; includeInIndex = 0; path = App.app; sourceTree = BUILT_PRODUCTS_DIR; };
		AD3D32491B9B8410003BE0EE /* Info.plist */ = {isa = PBXFileReference; lastKnownFileType = text.plist.xml; path = Info.plist; sourceTree = "<group>"; };
		AD3D324A1B9B8410003BE0EE /* main.m */ = {isa = PBXFileReference; lastKnownFileType = sourcecode.c.objc; path = main.m; sourceTree = "<group>"; };
		AD3D324C1B9B8410003BE0EE /* AppDelegate.h */ = {isa = PBXFileReference; lastKnownFileType = sourcecode.c.h; path = AppDelegate.h; sourceTree = "<group>"; };
		AD3D324D1B9B8410003BE0EE /* AppDelegate.m */ = {isa = PBXFileReference; lastKnownFileType = sourcecode.c.objc; path = AppDelegate.m; sourceTree = "<group>"; };
		AD3D32551B9B8410003BE0EE /* Images.xcassets */ = {isa = PBXFileReference; lastKnownFileType = folder.assetcatalog; path = Images.xcassets; sourceTree = "<group>"; };
		AD3D326E1B9B8627003BE0EE /* RootTabBarViewController.h */ = {isa = PBXFileReference; fileEncoding = 4; lastKnownFileType = sourcecode.c.h; path = RootTabBarViewController.h; sourceTree = "<group>"; };
		AD3D326F1B9B8627003BE0EE /* RootTabBarViewController.m */ = {isa = PBXFileReference; fileEncoding = 4; lastKnownFileType = sourcecode.c.objc; path = RootTabBarViewController.m; sourceTree = "<group>"; };
		AD3D32711B9B8748003BE0EE /* ContentViewController.h */ = {isa = PBXFileReference; fileEncoding = 4; lastKnownFileType = sourcecode.c.h; path = ContentViewController.h; sourceTree = "<group>"; };
		AD3D32721B9B8748003BE0EE /* ContentViewController.m */ = {isa = PBXFileReference; fileEncoding = 4; lastKnownFileType = sourcecode.c.objc; path = ContentViewController.m; sourceTree = "<group>"; };
		F33D8D149EECF835468E4A28 /* libPods-App.a */ = {isa = PBXFileReference; explicitFileType = archive.ar; includeInIndex = 0; path = "libPods-App.a"; sourceTree = BUILT_PRODUCTS_DIR; };
/* End PBXFileReference section */

/* Begin PBXFrameworksBuildPhase section */
		AD3D32421B9B8410003BE0EE /* Frameworks */ = {
			isa = PBXFrameworksBuildPhase;
			buildActionMask = 2147483647;
			files = (
				E54A1D66DDF1CBDADFB67235 /* libPods-App.a in Frameworks */,
			);
			runOnlyForDeploymentPostprocessing = 0;
		};
/* End PBXFrameworksBuildPhase section */

/* Begin PBXGroup section */
		1953DFFAA1F3F7D37B6C2232 /* Frameworks */ = {
			isa = PBXGroup;
			children = (
				F33D8D149EECF835468E4A28 /* libPods-App.a */,
			);
			name = Frameworks;
			sourceTree = "<group>";
		};
		AD3D323C1B9B840F003BE0EE = {
			isa = PBXGroup;
			children = (
				AD3D32471B9B8410003BE0EE /* App */,
				AD3D32461B9B8410003BE0EE /* Products */,
				EDA041D78F17D2C0932777CE /* Pods */,
				1953DFFAA1F3F7D37B6C2232 /* Frameworks */,
			);
			sourceTree = "<group>";
		};
		AD3D32461B9B8410003BE0EE /* Products */ = {
			isa = PBXGroup;
			children = (
				AD3D32451B9B8410003BE0EE /* App.app */,
			);
			name = Products;
			sourceTree = "<group>";
		};
		AD3D32471B9B8410003BE0EE /* App */ = {
			isa = PBXGroup;
			children = (
				AD3D324C1B9B8410003BE0EE /* AppDelegate.h */,
				AD3D324D1B9B8410003BE0EE /* AppDelegate.m */,
				AD3D326E1B9B8627003BE0EE /* RootTabBarViewController.h */,
				AD3D326F1B9B8627003BE0EE /* RootTabBarViewController.m */,
				AD3D32711B9B8748003BE0EE /* ContentViewController.h */,
				AD3D32721B9B8748003BE0EE /* ContentViewController.m */,
				AD3D32551B9B8410003BE0EE /* Images.xcassets */,
				AD3D32481B9B8410003BE0EE /* Supporting Files */,
			);
			path = App;
			sourceTree = "<group>";
		};
		AD3D32481B9B8410003BE0EE /* Supporting Files */ = {
			isa = PBXGroup;
			children = (
				AD3D32491B9B8410003BE0EE /* Info.plist */,
				AD3D324A1B9B8410003BE0EE /* main.m */,
			);
			name = "Supporting Files";
			sourceTree = "<group>";
		};
		EDA041D78F17D2C0932777CE /* Pods */ = {
			isa = PBXGroup;
			children = (
				61D629055B98E14CB229D940 /* Pods-App.debug.xcconfig */,
				37CA8F82AA40F418F7DA9D87 /* Pods-App.release.xcconfig */,
			);
			name = Pods;
			sourceTree = "<group>";
		};
/* End PBXGroup section */

/* Begin PBXNativeTarget section */
		AD3D32441B9B8410003BE0EE /* App */ = {
			isa = PBXNativeTarget;
			buildConfigurationList = AD3D32681B9B8410003BE0EE /* Build configuration list for PBXNativeTarget "App" */;
			buildPhases = (
				D4F9B87C8F5E2A417B918EC8 /* [CP] Check Pods Manifest.lock */,
				AD3D32411B9B8410003BE0EE /* Sources */,
				AD3D32421B9B8410003BE0EE /* Frameworks */,
				AD3D32431B9B8410003BE0EE /* Resources */,
				853A6F085037A4470874ADDB /* [CP] Embed Pods Frameworks */,
				396A58E178A84E691C83CB65 /* [CP] Copy Pods Resources */,
			);
			buildRules = (
			);
			dependencies = (
			);
			name = App;
			productName = App;
			productReference = AD3D32451B9B8410003BE0EE /* App.app */;
			productType = "com.apple.product-type.application";
		};
/* End PBXNativeTarget section */

/* Begin PBXProject section */
		AD3D323D1B9B840F003BE0EE /* Project object */ = {
			isa = PBXProject;
			attributes = {
				LastUpgradeCheck = 0640;
				ORGANIZATIONNAME = mattneary;
				TargetAttributes = {
					AD3D32441B9B8410003BE0EE = {
						CreatedOnToolsVersion = 6.4;
					};
				};
			};
			buildConfigurationList = AD3D32401B9B840F003BE0EE /* Build configuration list for PBXProject "App" */;
			compatibilityVersion = "Xcode 3.2";
			developmentRegion = English;
			hasScannedForEncodings = 0;
			knownRegions = (
				en,
				Base,
			);
			mainGroup = AD3D323C1B9B840F003BE0EE;
			productRefGroup = AD3D32461B9B8410003BE0EE /* Products */;
			projectDirPath = "";
			projectRoot = "";
			targets = (
				AD3D32441B9B8410003BE0EE /* App */,
			);
		};
/* End PBXProject section */

/* Begin PBXResourcesBuildPhase section */
		AD3D32431B9B8410003BE0EE /* Resources */ = {
			isa = PBXResourcesBuildPhase;
			buildActionMask = 2147483647;
			files = (
				AD3D32561B9B8410003BE0EE /* Images.xcassets in Resources */,
			);
			runOnlyForDeploymentPostprocessing = 0;
		};
/* End PBXResourcesBuildPhase section */

/* Begin PBXShellScriptBuildPhase section */
		396A58E178A84E691C83CB65 /* [CP] Copy Pods Resources */ = {
			isa = PBXShellScriptBuildPhase;
			buildActionMask = 2147483647;
			files = (
			);
			inputPaths = (
			);
			name = "[CP] Copy Pods Resources";
			outputPaths = (
			);
			runOnlyForDeploymentPostprocessing = 0;
			shellPath = /bin/sh;
			shellScript = "\"${SRCROOT}/Pods/Target Support Files/Pods-App/Pods-App-resources.sh\"\n";
			showEnvVarsInLog = 0;
		};
		853A6F085037A4470874ADDB /* [CP] Embed Pods Frameworks */ = {
			isa = PBXShellScriptBuildPhase;
			buildActionMask = 2147483647;
			files = (
			);
			inputPaths = (
			);
			name = "[CP] Embed Pods Frameworks";
			outputPaths = (
			);
			runOnlyForDeploymentPostprocessing = 0;
			shellPath = /bin/sh;
			shellScript = "\"${SRCROOT}/Pods/Target Support Files/Pods-App/Pods-App-frameworks.sh\"\n";
			showEnvVarsInLog = 0;
		};
		D4F9B87C8F5E2A417B918EC8 /* [CP] Check Pods Manifest.lock */ = {
			isa = PBXShellScriptBuildPhase;
			buildActionMask = 2147483647;
			files = (
			);
			inputPaths = (
			);
			name = "[CP] Check Pods Manifest.lock";
			outputPaths = (
			);
			runOnlyForDeploymentPostprocessing = 0;
			shellPath = /bin/sh;
			shellScript = "diff \"${PODS_ROOT}/../Podfile.lock\" \"${PODS_ROOT}/Manifest.lock\" > /dev/null\nif [ $? != 0 ] ; then\n    # print error to STDERR\n    echo \"error: The sandbox is not in sync with the Podfile.lock. Run 'pod install' or update your CocoaPods installation.\" >&2\n    exit 1\nfi\n";
			showEnvVarsInLog = 0;
		};
/* End PBXShellScriptBuildPhase section */

/* Begin PBXSourcesBuildPhase section */
		AD3D32411B9B8410003BE0EE /* Sources */ = {
			isa = PBXSourcesBuildPhase;
			buildActionMask = 2147483647;
			files = (
				AD3D32701B9B8627003BE0EE /* RootTabBarViewController.m in Sources */,
				AD3D324E1B9B8410003BE0EE /* AppDelegate.m in Sources */,
				AD3D32731B9B8748003BE0EE /* ContentViewController.m in Sources */,
				AD3D324B1B9B8410003BE0EE /* main.m in Sources */,
			);
			runOnlyForDeploymentPostprocessing = 0;
		};
/* End PBXSourcesBuildPhase section */

/* Begin XCBuildConfiguration section */
		AD3D32661B9B8410003BE0EE /* Debug */ = {
			isa = XCBuildConfiguration;
			buildSettings = {
				ALWAYS_SEARCH_USER_PATHS = NO;
				CLANG_CXX_LANGUAGE_STANDARD = "gnu++0x";
				CLANG_CXX_LIBRARY = "libc++";
				CLANG_ENABLE_MODULES = YES;
				CLANG_ENABLE_OBJC_ARC = YES;
				CLANG_WARN_BOOL_CONVERSION = YES;
				CLANG_WARN_CONSTANT_CONVERSION = YES;
				CLANG_WARN_DIRECT_OBJC_ISA_USAGE = YES_ERROR;
				CLANG_WARN_EMPTY_BODY = YES;
				CLANG_WARN_ENUM_CONVERSION = YES;
				CLANG_WARN_INT_CONVERSION = YES;
				CLANG_WARN_OBJC_ROOT_CLASS = YES_ERROR;
				CLANG_WARN_UNREACHABLE_CODE = YES;
				CLANG_WARN__DUPLICATE_METHOD_MATCH = YES;
				"CODE_SIGN_IDENTITY[sdk=iphoneos*]" = "iPhone Developer";
				COPY_PHASE_STRIP = NO;
				DEBUG_INFORMATION_FORMAT = "dwarf-with-dsym";
				ENABLE_STRICT_OBJC_MSGSEND = YES;
				GCC_C_LANGUAGE_STANDARD = gnu99;
				GCC_DYNAMIC_NO_PIC = NO;
				GCC_NO_COMMON_BLOCKS = YES;
				GCC_OPTIMIZATION_LEVEL = 0;
				GCC_PREPROCESSOR_DEFINITIONS = (
					"DEBUG=1",
					"$(inherited)",
				);
				GCC_SYMBOLS_PRIVATE_EXTERN = NO;
				GCC_WARN_64_TO_32_BIT_CONVERSION = YES;
				GCC_WARN_ABOUT_RETURN_TYPE = YES_ERROR;
				GCC_WARN_UNDECLARED_SELECTOR = YES;
				GCC_WARN_UNINITIALIZED_AUTOS = YES_AGGRESSIVE;
				GCC_WARN_UNUSED_FUNCTION = YES;
				GCC_WARN_UNUSED_VARIABLE = YES;
				IPHONEOS_DEPLOYMENT_TARGET = 8.4;
				MTL_ENABLE_DEBUG_INFO = YES;
				ONLY_ACTIVE_ARCH = YES;
				SDKROOT = iphoneos;
			};
			name = Debug;
		};
		AD3D32671B9B8410003BE0EE /* Release */ = {
			isa = XCBuildConfiguration;
			buildSettings = {
				ALWAYS_SEARCH_USER_PATHS = NO;
				CLANG_CXX_LANGUAGE_STANDARD = "gnu++0x";
				CLANG_CXX_LIBRARY = "libc++";
				CLANG_ENABLE_MODULES = YES;
				CLANG_ENABLE_OBJC_ARC = YES;
				CLANG_WARN_BOOL_CONVERSION = YES;
				CLANG_WARN_CONSTANT_CONVERSION = YES;
				CLANG_WARN_DIRECT_OBJC_ISA_USAGE = YES_ERROR;
				CLANG_WARN_EMPTY_BODY = YES;
				CLANG_WARN_ENUM_CONVERSION = YES;
				CLANG_WARN_INT_CONVERSION = YES;
				CLANG_WARN_OBJC_ROOT_CLASS = YES_ERROR;
				CLANG_WARN_UNREACHABLE_CODE = YES;
				CLANG_WARN__DUPLICATE_METHOD_MATCH = YES;
				"CODE_SIGN_IDENTITY[sdk=iphoneos*]" = "iPhone Developer";
				COPY_PHASE_STRIP = NO;
				DEBUG_INFORMATION_FORMAT = "dwarf-with-dsym";
				ENABLE_NS_ASSERTIONS = NO;
				ENABLE_STRICT_OBJC_MSGSEND = YES;
				GCC_C_LANGUAGE_STANDARD = gnu99;
				GCC_NO_COMMON_BLOCKS = YES;
				GCC_WARN_64_TO_32_BIT_CONVERSION = YES;
				GCC_WARN_ABOUT_RETURN_TYPE = YES_ERROR;
				GCC_WARN_UNDECLARED_SELECTOR = YES;
				GCC_WARN_UNINITIALIZED_AUTOS = YES_AGGRESSIVE;
				GCC_WARN_UNUSED_FUNCTION = YES;
				GCC_WARN_UNUSED_VARIABLE = YES;
				IPHONEOS_DEPLOYMENT_TARGET = 8.4;
				MTL_ENABLE_DEBUG_INFO = NO;
				SDKROOT = iphoneos;
				VALIDATE_PRODUCT = YES;
			};
			name = Release;
		};
		AD3D32691B9B8410003BE0EE /* Debug */ = {
			isa = XCBuildConfiguration;
			baseConfigurationReference = 61D629055B98E14CB229D940 /* Pods-App.debug.xcconfig */;
			buildSettings = {
				ASSETCATALOG_COMPILER_APPICON_NAME = AppIcon;
				INFOPLIST_FILE = App/Info.plist;
				LD_RUNPATH_SEARCH_PATHS = "$(inherited) @executable_path/Frameworks";
				PRODUCT_BUNDLE_IDENTIFIER = com.mattneary.App;
				PRODUCT_NAME = "$(TARGET_NAME)";
			};
			name = Debug;
		};
		AD3D326A1B9B8410003BE0EE /* Release */ = {
			isa = XCBuildConfiguration;
			baseConfigurationReference = 37CA8F82AA40F418F7DA9D87 /* Pods-App.release.xcconfig */;
			buildSettings = {
				ASSETCATALOG_COMPILER_APPICON_NAME = AppIcon;
				INFOPLIST_FILE = App/Info.plist;
				LD_RUNPATH_SEARCH_PATHS = "$(inherited) @executable_path/Frameworks";
				PRODUCT_BUNDLE_IDENTIFIER = com.mattneary.App;
				PRODUCT_NAME = "$(TARGET_NAME)";
			};
			name = Release;
		};
/* End XCBuildConfiguration section */

/* Begin XCConfigurationList section */
		AD3D32401B9B840F003BE0EE /* Build configuration list for PBXProject "App" */ = {
			isa = XCConfigurationList;
			buildConfigurations = (
				AD3D32661B9B8410003BE0EE /* Debug */,
				AD3D32671B9B8410003BE0EE /* Release */,
			);
			defaultConfigurationIsVisible = 0;
			defaultConfigurationName = Release;
		};
		AD3D32681B9B8410003BE0EE /* Build configuration list for PBXNativeTarget "App" */ = {
			isa = XCConfigurationList;
			buildConfigurations = (
				AD3D32691B9B8410003BE0EE /* Debug */,
				AD3D326A1B9B8410003BE0EE /* Release */,
			);
			defaultConfigurationIsVisible = 0;
			defaultConfigurationName = Release;
		};
/* End XCConfigurationList section */
	};
	rootObject = AD3D323D1B9B840F003BE0EE /* Project object */;
}
