PODS:
  - Crashlytics (3.8.4):
    - Fabric (~> 1.6.3)
  - Fabric (1.6.11)
  - Underscore.m (0.3.0)

DEPENDENCIES:
  - Crashlytics
  - Fabric
  - Underscore.m

SPEC CHECKSUMS:
  Crashlytics: 79e236942ca1e7fc641df1feb9a275360a78ab6a
  Fabric: 5911403591946b8228ab1c51d98f1d7137e863c6
  Underscore.m: dc9ca06fe2c9a79d01ce20c3d2c1e8f91f2d92dc

PODFILE CHECKSUM: 1232c7a36c96d743a3a704324218594c4295e113

COCOAPODS: 1.2.0
